Microsoft Visual Studio Solution File, Format Version 12.00
# Visual Studio Version 17
VisualStudioVersion = 17.5.2.0
MinimumVisualStudioVersion = 10.0.40219.1
Project("{FAE04EC0-301F-11D3-BF4B-00C04F79EFBC}") = "Dominoes", "Dominoes.csproj", "{B2BC6706-42F9-C43A-E3D1-8CFBC5C0F0CC}"
EndProject
Global
	GlobalSection(SolutionConfigurationPlatforms) = preSolution
		Debug|Any CPU = Debug|Any CPU
		Release|Any CPU = Release|Any CPU
	EndGlobalSection
	GlobalSection(ProjectConfigurationPlatforms) = postSolution
		{B2BC6706-42F9-C43A-E3D1-8CFBC5C0F0CC}.Debug|Any CPU.ActiveCfg = Debug|Any CPU
		{B2BC6706-42F9-C43A-E3D1-8CFBC5C0F0CC}.Debug|Any CPU.Build.0 = Debug|Any CPU
		{B2BC6706-42F9-C43A-E3D1-8CFBC5C0F0CC}.Release|Any CPU.ActiveCfg = Release|Any CPU
		{B2BC6706-42F9-C43A-E3D1-8CFBC5C0F0CC}.Release|Any CPU.Build.0 = Release|Any CPU
	EndGlobalSection
	GlobalSection(SolutionProperties) = preSolution
		HideSolutionNode = FALSE
	EndGlobalSection
	GlobalSection(ExtensibilityGlobals) = postSolution
		SolutionGuid = {623C4808-A201-4272-A55C-C7B5A828A0C5}
	EndGlobalSection
EndGlobal
