Microsoft Visual Studio Solution File, Format Version 12.00
# Visual Studio Version 17
VisualStudioVersion = 17.5.2.0
MinimumVisualStudioVersion = 10.0.40219.1
Project("{FAE04EC0-301F-11D3-BF4B-00C04F79EFBC}") = "Anagram", "Anagram.csproj", "{ADC68531-CCAB-C5D8-F468-E6BD51FDCFFC}"
EndProject
Global
	GlobalSection(SolutionConfigurationPlatforms) = preSolution
		Debug|Any CPU = Debug|Any CPU
		Release|Any CPU = Release|Any CPU
	EndGlobalSection
	GlobalSection(ProjectConfigurationPlatforms) = postSolution
		{ADC68531-CCAB-C5D8-F468-E6BD51FDCFFC}.Debug|Any CPU.ActiveCfg = Debug|Any CPU
		{ADC68531-CCAB-C5D8-F468-E6BD51FDCFFC}.Debug|Any CPU.Build.0 = Debug|Any CPU
		{ADC68531-CCAB-C5D8-F468-E6BD51FDCFFC}.Release|Any CPU.ActiveCfg = Release|Any CPU
		{ADC68531-CCAB-C5D8-F468-E6BD51FDCFFC}.Release|Any CPU.Build.0 = Release|Any CPU
	EndGlobalSection
	GlobalSection(SolutionProperties) = preSolution
		HideSolutionNode = FALSE
	EndGlobalSection
	GlobalSection(ExtensibilityGlobals) = postSolution
		SolutionGuid = {B4E9A986-487A-406C-B364-854B69659988}
	EndGlobalSection
EndGlobal
