Microsoft Visual Studio Solution File, Format Version 12.00
# Visual Studio Version 17
VisualStudioVersion = 17.5.2.0
MinimumVisualStudioVersion = 10.0.40219.1
Project("{FAE04EC0-301F-11D3-BF4B-00C04F79EFBC}") = "QueenAttack", "QueenAttack.csproj", "{9DE4A1A7-DF80-2080-AB5A-52BA12FFA01C}"
EndProject
Global
	GlobalSection(SolutionConfigurationPlatforms) = preSolution
		Debug|Any CPU = Debug|Any CPU
		Release|Any CPU = Release|Any CPU
	EndGlobalSection
	GlobalSection(ProjectConfigurationPlatforms) = postSolution
		{9DE4A1A7-DF80-2080-AB5A-52BA12FFA01C}.Debug|Any CPU.ActiveCfg = Debug|Any CPU
		{9DE4A1A7-DF80-2080-AB5A-52BA12FFA01C}.Debug|Any CPU.Build.0 = Debug|Any CPU
		{9DE4A1A7-DF80-2080-AB5A-52BA12FFA01C}.Release|Any CPU.ActiveCfg = Release|Any CPU
		{9DE4A1A7-DF80-2080-AB5A-52BA12FFA01C}.Release|Any CPU.Build.0 = Release|Any CPU
	EndGlobalSection
	GlobalSection(SolutionProperties) = preSolution
		HideSolutionNode = FALSE
	EndGlobalSection
	GlobalSection(ExtensibilityGlobals) = postSolution
		SolutionGuid = {EE8D4965-3086-4492-A31A-BDB9DF5E880D}
	EndGlobalSection
EndGlobal
