Microsoft Visual Studio Solution File, Format Version 12.00
# Visual Studio Version 17
VisualStudioVersion = 17.5.2.0
MinimumVisualStudioVersion = 10.0.40219.1
Project("{FAE04EC0-301F-11D3-BF4B-00C04F79EFBC}") = "PrimeFactors", "PrimeFactors.csproj", "{61EC38D1-51CB-3E85-5DD8-5B747D3137EB}"
EndProject
Global
	GlobalSection(SolutionConfigurationPlatforms) = preSolution
		Debug|Any CPU = Debug|Any CPU
		Release|Any CPU = Release|Any CPU
	EndGlobalSection
	GlobalSection(ProjectConfigurationPlatforms) = postSolution
		{61EC38D1-51CB-3E85-5DD8-5B747D3137EB}.Debug|Any CPU.ActiveCfg = Debug|Any CPU
		{61EC38D1-51CB-3E85-5DD8-5B747D3137EB}.Debug|Any CPU.Build.0 = Debug|Any CPU
		{61EC38D1-51CB-3E85-5DD8-5B747D3137EB}.Release|Any CPU.ActiveCfg = Release|Any CPU
		{61EC38D1-51CB-3E85-5DD8-5B747D3137EB}.Release|Any CPU.Build.0 = Release|Any CPU
	EndGlobalSection
	GlobalSection(SolutionProperties) = preSolution
		HideSolutionNode = FALSE
	EndGlobalSection
	GlobalSection(ExtensibilityGlobals) = postSolution
		SolutionGuid = {CC854CAD-2104-4152-AB29-EFA3D5D312FA}
	EndGlobalSection
EndGlobal
