Microsoft Visual Studio Solution File, Format Version 12.00
# Visual Studio Version 17
VisualStudioVersion = 17.5.2.0
MinimumVisualStudioVersion = 10.0.40219.1
Project("{FAE04EC0-301F-11D3-BF4B-00C04F79EFBC}") = "SpiralMatrix", "SpiralMatrix.csproj", "{48C9EB32-DF77-76B0-CD88-E8BB3BE17921}"
EndProject
Global
	GlobalSection(SolutionConfigurationPlatforms) = preSolution
		Debug|Any CPU = Debug|Any CPU
		Release|Any CPU = Release|Any CPU
	EndGlobalSection
	GlobalSection(ProjectConfigurationPlatforms) = postSolution
		{48C9EB32-DF77-76B0-CD88-E8BB3BE17921}.Debug|Any CPU.ActiveCfg = Debug|Any CPU
		{48C9EB32-DF77-76B0-CD88-E8BB3BE17921}.Debug|Any CPU.Build.0 = Debug|Any CPU
		{48C9EB32-DF77-76B0-CD88-E8BB3BE17921}.Release|Any CPU.ActiveCfg = Release|Any CPU
		{48C9EB32-DF77-76B0-CD88-E8BB3BE17921}.Release|Any CPU.Build.0 = Release|Any CPU
	EndGlobalSection
	GlobalSection(SolutionProperties) = preSolution
		HideSolutionNode = FALSE
	EndGlobalSection
	GlobalSection(ExtensibilityGlobals) = postSolution
		SolutionGuid = {2BD93E10-C2DD-47AE-939A-C7222E503554}
	EndGlobalSection
EndGlobal
