Microsoft Visual Studio Solution File, Format Version 12.00
# Visual Studio Version 17
VisualStudioVersion = 17.5.2.0
MinimumVisualStudioVersion = 10.0.40219.1
Project("{FAE04EC0-301F-11D3-BF4B-00C04F79EFBC}") = "MatchingBrackets", "MatchingBrackets.csproj", "{4568C722-3D43-4242-79E0-F8E948DD74F2}"
EndProject
Global
	GlobalSection(SolutionConfigurationPlatforms) = preSolution
		Debug|Any CPU = Debug|Any CPU
		Release|Any CPU = Release|Any CPU
	EndGlobalSection
	GlobalSection(ProjectConfigurationPlatforms) = postSolution
		{4568C722-3D43-4242-79E0-F8E948DD74F2}.Debug|Any CPU.ActiveCfg = Debug|Any CPU
		{4568C722-3D43-4242-79E0-F8E948DD74F2}.Debug|Any CPU.Build.0 = Debug|Any CPU
		{4568C722-3D43-4242-79E0-F8E948DD74F2}.Release|Any CPU.ActiveCfg = Release|Any CPU
		{4568C722-3D43-4242-79E0-F8E948DD74F2}.Release|Any CPU.Build.0 = Release|Any CPU
	EndGlobalSection
	GlobalSection(SolutionProperties) = preSolution
		HideSolutionNode = FALSE
	EndGlobalSection
	GlobalSection(ExtensibilityGlobals) = postSolution
		SolutionGuid = {B1B1DF97-4300-4B18-89E7-37BD51E511E2}
	EndGlobalSection
EndGlobal
