Microsoft Visual Studio Solution File, Format Version 12.00
# Visual Studio Version 17
VisualStudioVersion = 17.5.2.0
MinimumVisualStudioVersion = 10.0.40219.1
Project("{FAE04EC0-301F-11D3-BF4B-00C04F79EFBC}") = "FoodChain", "FoodChain.csproj", "{EA733B65-3E72-55B5-8A0A-795CDB97A36C}"
EndProject
Global
	GlobalSection(SolutionConfigurationPlatforms) = preSolution
		Debug|Any CPU = Debug|Any CPU
		Release|Any CPU = Release|Any CPU
	EndGlobalSection
	GlobalSection(ProjectConfigurationPlatforms) = postSolution
		{EA733B65-3E72-55B5-8A0A-795CDB97A36C}.Debug|Any CPU.ActiveCfg = Debug|Any CPU
		{EA733B65-3E72-55B5-8A0A-795CDB97A36C}.Debug|Any CPU.Build.0 = Debug|Any CPU
		{EA733B65-3E72-55B5-8A0A-795CDB97A36C}.Release|Any CPU.ActiveCfg = Release|Any CPU
		{EA733B65-3E72-55B5-8A0A-795CDB97A36C}.Release|Any CPU.Build.0 = Release|Any CPU
	EndGlobalSection
	GlobalSection(SolutionProperties) = preSolution
		HideSolutionNode = FALSE
	EndGlobalSection
	GlobalSection(ExtensibilityGlobals) = postSolution
		SolutionGuid = {8E22647E-EF30-4A7D-8481-B4CC10A1411F}
	EndGlobalSection
EndGlobal
