Microsoft Visual Studio Solution File, Format Version 12.00
# Visual Studio Version 17
VisualStudioVersion = 17.5.2.0
MinimumVisualStudioVersion = 10.0.40219.1
Project("{FAE04EC0-301F-11D3-BF4B-00C04F79EFBC}") = "Allergies", "Allergies.csproj", "{AA7977FC-64E0-8688-8324-E7C4D4BD746F}"
EndProject
Global
	GlobalSection(SolutionConfigurationPlatforms) = preSolution
		Debug|Any CPU = Debug|Any CPU
		Release|Any CPU = Release|Any CPU
	EndGlobalSection
	GlobalSection(ProjectConfigurationPlatforms) = postSolution
		{AA7977FC-64E0-8688-8324-E7C4D4BD746F}.Debug|Any CPU.ActiveCfg = Debug|Any CPU
		{AA7977FC-64E0-8688-8324-E7C4D4BD746F}.Debug|Any CPU.Build.0 = Debug|Any CPU
		{AA7977FC-64E0-8688-8324-E7C4D4BD746F}.Release|Any CPU.ActiveCfg = Release|Any CPU
		{AA7977FC-64E0-8688-8324-E7C4D4BD746F}.Release|Any CPU.Build.0 = Release|Any CPU
	EndGlobalSection
	GlobalSection(SolutionProperties) = preSolution
		HideSolutionNode = FALSE
	EndGlobalSection
	GlobalSection(ExtensibilityGlobals) = postSolution
		SolutionGuid = {2346C99C-41B6-4D30-B15C-8D8094C4EA8B}
	EndGlobalSection
EndGlobal
