Microsoft Visual Studio Solution File, Format Version 12.00
# Visual Studio Version 17
VisualStudioVersion = 17.5.2.0
MinimumVisualStudioVersion = 10.0.40219.1
Project("{FAE04EC0-301F-11D3-BF4B-00C04F79EFBC}") = "Acronym", "Acronym.csproj", "{8BC8BD6B-A3FF-8664-037D-CD0777923D78}"
EndProject
Global
	GlobalSection(SolutionConfigurationPlatforms) = preSolution
		Debug|Any CPU = Debug|Any CPU
		Release|Any CPU = Release|Any CPU
	EndGlobalSection
	GlobalSection(ProjectConfigurationPlatforms) = postSolution
		{8BC8BD6B-A3FF-8664-037D-CD0777923D78}.Debug|Any CPU.ActiveCfg = Debug|Any CPU
		{8BC8BD6B-A3FF-8664-037D-CD0777923D78}.Debug|Any CPU.Build.0 = Debug|Any CPU
		{8BC8BD6B-A3FF-8664-037D-CD0777923D78}.Release|Any CPU.ActiveCfg = Release|Any CPU
		{8BC8BD6B-A3FF-8664-037D-CD0777923D78}.Release|Any CPU.Build.0 = Release|Any CPU
	EndGlobalSection
	GlobalSection(SolutionProperties) = preSolution
		HideSolutionNode = FALSE
	EndGlobalSection
	GlobalSection(ExtensibilityGlobals) = postSolution
		SolutionGuid = {371A7428-47EF-45A8-9FFF-356CA33A379D}
	EndGlobalSection
EndGlobal
